// !$*UTF8*$!
{
	archiveVersion = 1;
	classes = {
	};
	objectVersion = 46;
	objects = {

/* Begin PBXBuildFile section */
		CE4E4B521D8FF98900A1E906 /* AppDelegate.swift in Sources */ = {isa = PBXBuildFile; fileRef = CE4E4B511D8FF98900A1E906 /* AppDelegate.swift */; };
		CE4E4B541D8FF98900A1E906 /* ViewController.swift in Sources */ = {isa = PBXBuildFile; fileRef = CE4E4B531D8FF98900A1E906 /* ViewController.swift */; };
		CE4E4B571D8FF98A00A1E906 /* Main.storyboard in Resources */ = {isa = PBXBuildFile; fileRef = CE4E4B551D8FF98A00A1E906 /* Main.storyboard */; };
		CE4E4B5A1D8FF98A00A1E906 /* DoIt.xcdatamodeld in Sources */ = {isa = PBXBuildFile; fileRef = CE4E4B581D8FF98A00A1E906 /* DoIt.xcdatamodeld */; };
		CE4E4B5C1D8FF98A00A1E906 /* Assets.xcassets in Resources */ = {isa = PBXBuildFile; fileRef = CE4E4B5B1D8FF98A00A1E906 /* Assets.xcassets */; };
		CE4E4B5F1D8FF98A00A1E906 /* LaunchScreen.storyboard in Resources */ = {isa = PBXBuildFile; fileRef = CE4E4B5D1D8FF98A00A1E906 /* LaunchScreen.storyboard */; };
/* End PBXBuildFile section */

/* Begin PBXFileReference section */
		CE4E4B4E1D8FF98900A1E906 /* DoIt.app */ = {isa = PBXFileReference; explicitFileType = wrapper.application; includeInIndex = 0; path = DoIt.app; sourceTree = BUILT_PRODUCTS_DIR; };
		CE4E4B511D8FF98900A1E906 /* AppDelegate.swift */ = {isa = PBXFileReference; lastKnownFileType = sourcecode.swift; path = AppDelegate.swift; sourceTree = "<group>"; };
		CE4E4B531D8FF98900A1E906 /* ViewController.swift */ = {isa = PBXFileReference; lastKnownFileType = sourcecode.swift; path = ViewController.swift; sourceTree = "<group>"; };
		CE4E4B561D8FF98A00A1E906 /* Base */ = {isa = PBXFileReference; lastKnownFileType = file.storyboard; name = Base; path = Base.lproj/Main.storyboard; sourceTree = "<group>"; };
		CE4E4B591D8FF98A00A1E906 /* DoIt.xcdatamodel */ = {isa = PBXFileReference; lastKnownFileType = wrapper.xcdatamodel; path = DoIt.xcdatamodel; sourceTree = "<group>"; };
		CE4E4B5B1D8FF98A00A1E906 /* Assets.xcassets */ = {isa = PBXFileReference; lastKnownFileType = folder.assetcatalog; path = Assets.xcassets; sourceTree = "<group>"; };
		CE4E4B5E1D8FF98A00A1E906 /* Base */ = {isa = PBXFileReference; lastKnownFileType = file.storyboard; name = Base; path = Base.lproj/LaunchScreen.storyboard; sourceTree = "<group>"; };
		CE4E4B601D8FF98A00A1E906 /* Info.plist */ = {isa = PBXFileReference; lastKnownFileType = text.plist.xml; path = Info.plist; sourceTree = "<group>"; };
/* End PBXFileReference section */

/* Begin PBXFrameworksBuildPhase section */
		CE4E4B4B1D8FF98900A1E906 /* Frameworks */ = {
			isa = PBXFrameworksBuildPhase;
			buildActionMask = 2147483647;
			files = (
			);
			runOnlyForDeploymentPostprocessing = 0;
		};
/* End PBXFrameworksBuildPhase section */

/* Begin PBXGroup section */
		CE4E4B451D8FF98800A1E906 = {
			isa = PBXGroup;
			children = (
				CE4E4B501D8FF98900A1E906 /* DoIt */,
				CE4E4B4F1D8FF98900A1E906 /* Products */,
			);
			sourceTree = "<group>";
		};
		CE4E4B4F1D8FF98900A1E906 /* Products */ = {
			isa = PBXGroup;
			children = (
				CE4E4B4E1D8FF98900A1E906 /* DoIt.app */,
			);
			name = Products;
			sourceTree = "<group>";
		};
		CE4E4B501D8FF98900A1E906 /* DoIt */ = {
			isa = PBXGroup;
			children = (
				CE4E4B511D8FF98900A1E906 /* AppDelegate.swift */,
				CE4E4B531D8FF98900A1E906 /* ViewController.swift */,
				CE4E4B551D8FF98A00A1E906 /* Main.storyboard */,
				CE4E4B5B1D8FF98A00A1E906 /* Assets.xcassets */,
				CE4E4B5D1D8FF98A00A1E906 /* LaunchScreen.storyboard */,
				CE4E4B601D8FF98A00A1E906 /* Info.plist */,
				CE4E4B581D8FF98A00A1E906 /* DoIt.xcdatamodeld */,
			);
			path = DoIt;
			sourceTree = "<group>";
		};
/* End PBXGroup section */

/* Begin PBXNativeTarget section */
		CE4E4B4D1D8FF98900A1E906 /* DoIt */ = {
			isa = PBXNativeTarget;
			buildConfigurationList = CE4E4B631D8FF98A00A1E906 /* Build configuration list for PBXNativeTarget "DoIt" */;
			buildPhases = (
				CE4E4B4A1D8FF98900A1E906 /* Sources */,
				CE4E4B4B1D8FF98900A1E906 /* Frameworks */,
				CE4E4B4C1D8FF98900A1E906 /* Resources */,
			);
			buildRules = (
			);
			dependencies = (
			);
			name = DoIt;
			productName = DoIt;
			productReference = CE4E4B4E1D8FF98900A1E906 /* DoIt.app */;
			productType = "com.apple.product-type.application";
		};
/* End PBXNativeTarget section */

/* Begin PBXProject section */
		CE4E4B461D8FF98800A1E906 /* Project object */ = {
			isa = PBXProject;
			attributes = {
				LastSwiftUpdateCheck = 0800;
				LastUpgradeCheck = 0800;
				ORGANIZATIONNAME = Newocracy;
				TargetAttributes = {
					CE4E4B4D1D8FF98900A1E906 = {
						CreatedOnToolsVersion = 8.0;
						DevelopmentTeam = 44JDT9737Q;
						ProvisioningStyle = Automatic;
					};
				};
			};
			buildConfigurationList = CE4E4B491D8FF98800A1E906 /* Build configuration list for PBXProject "DoIt" */;
			compatibilityVersion = "Xcode 3.2";
			developmentRegion = English;
			hasScannedForEncodings = 0;
			knownRegions = (
				en,
				Base,
			);
			mainGroup = CE4E4B451D8FF98800A1E906;
			productRefGroup = CE4E4B4F1D8FF98900A1E906 /* Products */;
			projectDirPath = "";
			projectRoot = "";
			targets = (
				CE4E4B4D1D8FF98900A1E906 /* DoIt */,
			);
		};
/* End PBXProject section */

/* Begin PBXResourcesBuildPhase section */
		CE4E4B4C1D8FF98900A1E906 /* Resources */ = {
			isa = PBXResourcesBuildPhase;
			buildActionMask = 2147483647;
			files = (
				CE4E4B5F1D8FF98A00A1E906 /* LaunchScreen.storyboard in Resources */,
				CE4E4B5C1D8FF98A00A1E906 /* Assets.xcassets in Resources */,
				CE4E4B571D8FF98A00A1E906 /* Main.storyboard in Resources */,
			);
			runOnlyForDeploymentPostprocessing = 0;
		};
/* End PBXResourcesBuildPhase section */

/* Begin PBXSourcesBuildPhase section */
		CE4E4B4A1D8FF98900A1E906 /* Sources */ = {
			isa = PBXSourcesBuildPhase;
			buildActionMask = 2147483647;
			files = (
				CE4E4B5A1D8FF98A00A1E906 /* DoIt.xcdatamodeld in Sources */,
				CE4E4B541D8FF98900A1E906 /* ViewController.swift in Sources */,
				CE4E4B521D8FF98900A1E906 /* AppDelegate.swift in Sources */,
			);
			runOnlyForDeploymentPostprocessing = 0;
		};
/* End PBXSourcesBuildPhase section */

/* Begin PBXVariantGroup section */
		CE4E4B551D8FF98A00A1E906 /* Main.storyboard */ = {
			isa = PBXVariantGroup;
			children = (
				CE4E4B561D8FF98A00A1E906 /* Base */,
			);
			name = Main.storyboard;
			sourceTree = "<group>";
		};
		CE4E4B5D1D8FF98A00A1E906 /* LaunchScreen.storyboard */ = {
			isa = PBXVariantGroup;
			children = (
				CE4E4B5E1D8FF98A00A1E906 /* Base */,
			);
			name = LaunchScreen.storyboard;
			sourceTree = "<group>";
		};
/* End PBXVariantGroup section */

/* Begin XCBuildConfiguration section */
		CE4E4B611D8FF98A00A1E906 /* Debug */ = {
			isa = XCBuildConfiguration;
			buildSettings = {
				ALWAYS_SEARCH_USER_PATHS = NO;
				CLANG_ANALYZER_NONNULL = YES;
				CLANG_CXX_LANGUAGE_STANDARD = "gnu++0x";
				CLANG_CXX_LIBRARY = "libc++";
				CLANG_ENABLE_MODULES = YES;
				CLANG_ENABLE_OBJC_ARC = YES;
				CLANG_WARN_BOOL_CONVERSION = YES;
				CLANG_WARN_CONSTANT_CONVERSION = YES;
				CLANG_WARN_DIRECT_OBJC_ISA_USAGE = YES_ERROR;
				CLANG_WARN_DOCUMENTATION_COMMENTS = YES;
				CLANG_WARN_EMPTY_BODY = YES;
				CLANG_WARN_ENUM_CONVERSION = YES;
				CLANG_WARN_INFINITE_RECURSION = YES;
				CLANG_WARN_INT_CONVERSION = YES;
				CLANG_WARN_OBJC_ROOT_CLASS = YES_ERROR;
				CLANG_WARN_SUSPICIOUS_MOVES = YES;
				CLANG_WARN_UNREACHABLE_CODE = YES;
				CLANG_WARN__DUPLICATE_METHOD_MATCH = YES;
				"CODE_SIGN_IDENTITY[sdk=iphoneos*]" = "iPhone Developer";
				COPY_PHASE_STRIP = NO;
				DEBUG_INFORMATION_FORMAT = dwarf;
				ENABLE_STRICT_OBJC_MSGSEND = YES;
				ENABLE_TESTABILITY = YES;
				GCC_C_LANGUAGE_STANDARD = gnu99;
				GCC_DYNAMIC_NO_PIC = NO;
				GCC_NO_COMMON_BLOCKS = YES;
				GCC_OPTIMIZATION_LEVEL = 0;
				GCC_PREPROCESSOR_DEFINITIONS = (
					"DEBUG=1",
					"$(inherited)",
				);
				GCC_WARN_64_TO_32_BIT_CONVERSION = YES;
				GCC_WARN_ABOUT_RETURN_TYPE = YES_ERROR;
				GCC_WARN_UNDECLARED_SELECTOR = YES;
				GCC_WARN_UNINITIALIZED_AUTOS = YES_AGGRESSIVE;
				GCC_WARN_UNUSED_FUNCTION = YES;
				GCC_WARN_UNUSED_VARIABLE = YES;
				IPHONEOS_DEPLOYMENT_TARGET = 10.0;
				MTL_ENABLE_DEBUG_INFO = YES;
				ONLY_ACTIVE_ARCH = YES;
				SDKROOT = iphoneos;
				SWIFT_ACTIVE_COMPILATION_CONDITIONS = DEBUG;
				SWIFT_OPTIMIZATION_LEVEL = "-Onone";
				TARGETED_DEVICE_FAMILY = "1,2";
			};
			name = Debug;
		};
		CE4E4B621D8FF98A00A1E906 /* Release */ = {
			isa = XCBuildConfiguration;
			buildSettings = {
				ALWAYS_SEARCH_USER_PATHS = NO;
				CLANG_ANALYZER_NONNULL = YES;
				CLANG_CXX_LANGUAGE_STANDARD = "gnu++0x";
				CLANG_CXX_LIBRARY = "libc++";
				CLANG_ENABLE_MODULES = YES;
				CLANG_ENABLE_OBJC_ARC = YES;
				CLANG_WARN_BOOL_CONVERSION = YES;
				CLANG_WARN_CONSTANT_CONVERSION = YES;
				CLANG_WARN_DIRECT_OBJC_ISA_USAGE = YES_ERROR;
				CLANG_WARN_DOCUMENTATION_COMMENTS = YES;
				CLANG_WARN_EMPTY_BODY = YES;
				CLANG_WARN_ENUM_CONVERSION = YES;
				CLANG_WARN_INFINITE_RECURSION = YES;
				CLANG_WARN_INT_CONVERSION = YES;
				CLANG_WARN_OBJC_ROOT_CLASS = YES_ERROR;
				CLANG_WARN_SUSPICIOUS_MOVES = YES;
				CLANG_WARN_UNREACHABLE_CODE = YES;
				CLANG_WARN__DUPLICATE_METHOD_MATCH = YES;
				"CODE_SIGN_IDENTITY[sdk=iphoneos*]" = "iPhone Developer";
				COPY_PHASE_STRIP = NO;
				DEBUG_INFORMATION_FORMAT = "dwarf-with-dsym";
				ENABLE_NS_ASSERTIONS = NO;
				ENABLE_STRICT_OBJC_MSGSEND = YES;
				GCC_C_LANGUAGE_STANDARD = gnu99;
				GCC_NO_COMMON_BLOCKS = YES;
				GCC_WARN_64_TO_32_BIT_CONVERSION = YES;
				GCC_WARN_ABOUT_RETURN_TYPE = YES_ERROR;
				GCC_WARN_UNDECLARED_SELECTOR = YES;
				GCC_WARN_UNINITIALIZED_AUTOS = YES_AGGRESSIVE;
				GCC_WARN_UNUSED_FUNCTION = YES;
				GCC_WARN_UNUSED_VARIABLE = YES;
				IPHONEOS_DEPLOYMENT_TARGET = 10.0;
				MTL_ENABLE_DEBUG_INFO = NO;
				SDKROOT = iphoneos;
				SWIFT_OPTIMIZATION_LEVEL = "-Owholemodule";
				TARGETED_DEVICE_FAMILY = "1,2";
				VALIDATE_PRODUCT = YES;
			};
			name = Release;
		};
		CE4E4B641D8FF98A00A1E906 /* Debug */ = {
			isa = XCBuildConfiguration;
			buildSettings = {
				ASSETCATALOG_COMPILER_APPICON_NAME = AppIcon;
				DEVELOPMENT_TEAM = 44JDT9737Q;
				INFOPLIST_FILE = DoIt/Info.plist;
				LD_RUNPATH_SEARCH_PATHS = "$(inherited) @executable_path/Frameworks";
				PRODUCT_BUNDLE_IDENTIFIER = com.Newocracy.DoIt;
				PRODUCT_NAME = "$(TARGET_NAME)";
				SWIFT_VERSION = 3.0;
			};
			name = Debug;
		};
		CE4E4B651D8FF98A00A1E906 /* Release */ = {
			isa = XCBuildConfiguration;
			buildSettings = {
				ASSETCATALOG_COMPILER_APPICON_NAME = AppIcon;
				DEVELOPMENT_TEAM = 44JDT9737Q;
				INFOPLIST_FILE = DoIt/Info.plist;
				LD_RUNPATH_SEARCH_PATHS = "$(inherited) @executable_path/Frameworks";
				PRODUCT_BUNDLE_IDENTIFIER = com.Newocracy.DoIt;
				PRODUCT_NAME = "$(TARGET_NAME)";
				SWIFT_VERSION = 3.0;
			};
			name = Release;
		};
/* End XCBuildConfiguration section */

/* Begin XCConfigurationList section */
		CE4E4B491D8FF98800A1E906 /* Build configuration list for PBXProject "DoIt" */ = {
			isa = XCConfigurationList;
			buildConfigurations = (
				CE4E4B611D8FF98A00A1E906 /* Debug */,
				CE4E4B621D8FF98A00A1E906 /* Release */,
			);
			defaultConfigurationIsVisible = 0;
			defaultConfigurationName = Release;
		};
		CE4E4B631D8FF98A00A1E906 /* Build configuration list for PBXNativeTarget "DoIt" */ = {
			isa = XCConfigurationList;
			buildConfigurations = (
				CE4E4B641D8FF98A00A1E906 /* Debug */,
				CE4E4B651D8FF98A00A1E906 /* Release */,
			);
			defaultConfigurationIsVisible = 0;
		};
/* End XCConfigurationList section */

/* Begin XCVersionGroup section */
		CE4E4B581D8FF98A00A1E906 /* DoIt.xcdatamodeld */ = {
			isa = XCVersionGroup;
			children = (
				CE4E4B591D8FF98A00A1E906 /* DoIt.xcdatamodel */,
			);
			currentVersion = CE4E4B591D8FF98A00A1E906 /* DoIt.xcdatamodel */;
			path = DoIt.xcdatamodeld;
			sourceTree = "<group>";
			versionGroupType = wrapper.xcdatamodel;
		};
/* End XCVersionGroup section */
	};
	rootObject = CE4E4B461D8FF98800A1E906 /* Project object */;
}
